
Microsoft Visual Studio Solution File, Format Version 12.00
# Visual Studio 15
VisualStudioVersion = 15.0.26730.12
MinimumVisualStudioVersion = 10.0.40219.1
Project("{FAE04EC0-301F-11D3-BF4B-00C04F79EFBC}") = "Coins_def", "Coins_def\Coins_def.csproj", "{78333EC9-00CD-4036-BEE5-78FCC6890E5D}"
EndProject
Global
	GlobalSection(SolutionConfigurationPlatforms) = preSolution
		Debug|Any CPU = Debug|Any CPU
		Release|Any CPU = Release|Any CPU
	EndGlobalSection
	GlobalSection(ProjectConfigurationPlatforms) = postSolution
		{78333EC9-00CD-4036-BEE5-78FCC6890E5D}.Debug|Any CPU.ActiveCfg = Debug|Any CPU
		{78333EC9-00CD-4036-BEE5-78FCC6890E5D}.Debug|Any CPU.Build.0 = Debug|Any CPU
		{78333EC9-00CD-4036-BEE5-78FCC6890E5D}.Release|Any CPU.ActiveCfg = Release|Any CPU
		{78333EC9-00CD-4036-BEE5-78FCC6890E5D}.Release|Any CPU.Build.0 = Release|Any CPU
	EndGlobalSection
	GlobalSection(SolutionProperties) = preSolution
		HideSolutionNode = FALSE
	EndGlobalSection
	GlobalSection(ExtensibilityGlobals) = postSolution
		SolutionGuid = {2DC0D2AF-0266-44C7-855D-6EB50A90C620}
	EndGlobalSection
EndGlobal
